
Microsoft Visual Studio Solution File, Format Version 12.00
# Visual Studio Version 16
VisualStudioVersion = 16.0.32002.261
MinimumVisualStudioVersion = 10.0.40219.1
Project("{FAE04EC0-301F-11D3-BF4B-00C04F79EFBC}") = "ITTP_Task", "ITTP_Task\ITTP_Task.csproj", "{0F24D8FA-92F3-4002-B161-CB018C2ED7A4}"
EndProject
Global
	GlobalSection(SolutionConfigurationPlatforms) = preSolution
		Debug|Any CPU = Debug|Any CPU
		Release|Any CPU = Release|Any CPU
	EndGlobalSection
	GlobalSection(ProjectConfigurationPlatforms) = postSolution
		{0F24D8FA-92F3-4002-B161-CB018C2ED7A4}.Debug|Any CPU.ActiveCfg = Debug|Any CPU
		{0F24D8FA-92F3-4002-B161-CB018C2ED7A4}.Debug|Any CPU.Build.0 = Debug|Any CPU
		{0F24D8FA-92F3-4002-B161-CB018C2ED7A4}.Release|Any CPU.ActiveCfg = Release|Any CPU
		{0F24D8FA-92F3-4002-B161-CB018C2ED7A4}.Release|Any CPU.Build.0 = Release|Any CPU
	EndGlobalSection
	GlobalSection(SolutionProperties) = preSolution
		HideSolutionNode = FALSE
	EndGlobalSection
	GlobalSection(ExtensibilityGlobals) = postSolution
		SolutionGuid = {30B948BC-5C37-4508-9D12-E8BE70F0D111}
	EndGlobalSection
EndGlobal
