
Microsoft Visual Studio Solution File, Format Version 12.00
# Visual Studio Version 16
VisualStudioVersion = 16.0.31624.102
MinimumVisualStudioVersion = 10.0.40219.1
Project("{FAE04EC0-301F-11D3-BF4B-00C04F79EFBC}") = "DataBase", "DataBase\DataBase.csproj", "{A5CD5960-C2DB-45A8-B2FB-9B91C064F27A}"
EndProject
Project("{FAE04EC0-301F-11D3-BF4B-00C04F79EFBC}") = "ConsoleApp", "ConsoleApp\ConsoleApp.csproj", "{0676630F-ED03-406A-BEFA-4E7400F4DF4C}"
EndProject
Global
	GlobalSection(SolutionConfigurationPlatforms) = preSolution
		Debug|Any CPU = Debug|Any CPU
		Release|Any CPU = Release|Any CPU
	EndGlobalSection
	GlobalSection(ProjectConfigurationPlatforms) = postSolution
		{A5CD5960-C2DB-45A8-B2FB-9B91C064F27A}.Debug|Any CPU.ActiveCfg = Debug|Any CPU
		{A5CD5960-C2DB-45A8-B2FB-9B91C064F27A}.Debug|Any CPU.Build.0 = Debug|Any CPU
		{A5CD5960-C2DB-45A8-B2FB-9B91C064F27A}.Release|Any CPU.ActiveCfg = Release|Any CPU
		{A5CD5960-C2DB-45A8-B2FB-9B91C064F27A}.Release|Any CPU.Build.0 = Release|Any CPU
		{0676630F-ED03-406A-BEFA-4E7400F4DF4C}.Debug|Any CPU.ActiveCfg = Debug|Any CPU
		{0676630F-ED03-406A-BEFA-4E7400F4DF4C}.Debug|Any CPU.Build.0 = Debug|Any CPU
		{0676630F-ED03-406A-BEFA-4E7400F4DF4C}.Release|Any CPU.ActiveCfg = Release|Any CPU
		{0676630F-ED03-406A-BEFA-4E7400F4DF4C}.Release|Any CPU.Build.0 = Release|Any CPU
	EndGlobalSection
	GlobalSection(SolutionProperties) = preSolution
		HideSolutionNode = FALSE
	EndGlobalSection
	GlobalSection(ExtensibilityGlobals) = postSolution
		SolutionGuid = {9721B51F-9360-4E29-9481-5416781FE180}
	EndGlobalSection
EndGlobal
